
Microsoft Visual Studio Solution File, Format Version 12.00
# Visual Studio 15
Project("{FAE04EC0-301F-11D3-BF4B-00C04F79EFBC}") = "Unity Lighting", "Assembly-CSharp.csproj", "{BE94B57B-0BF5-6FB8-548B-8EF56A60C5CF}"
EndProject
Global
	GlobalSection(SolutionConfigurationPlatforms) = preSolution
		Debug|Any CPU = Debug|Any CPU
		Release|Any CPU = Release|Any CPU
	EndGlobalSection
	GlobalSection(ProjectConfigurationPlatforms) = postSolution
		{BE94B57B-0BF5-6FB8-548B-8EF56A60C5CF}.Debug|Any CPU.ActiveCfg = Debug|Any CPU
		{BE94B57B-0BF5-6FB8-548B-8EF56A60C5CF}.Debug|Any CPU.Build.0 = Debug|Any CPU
		{BE94B57B-0BF5-6FB8-548B-8EF56A60C5CF}.Release|Any CPU.ActiveCfg = Release|Any CPU
		{BE94B57B-0BF5-6FB8-548B-8EF56A60C5CF}.Release|Any CPU.Build.0 = Release|Any CPU
	EndGlobalSection
	GlobalSection(SolutionProperties) = preSolution
		HideSolutionNode = FALSE
	EndGlobalSection
EndGlobal
